Microsoft Visual Studio Solution File, Format Version 12.00
# Visual Studio Version 17
VisualStudioVersion = 17.5.2.0
MinimumVisualStudioVersion = 10.0.40219.1
Project("{2150E333-8FDC-42A3-9474-1A3956D46DE8}") = "microservices", "microservices", "{8A367DDA-5161-A942-4F09-60E4726C9306}"
EndProject
Project("{2150E333-8FDC-42A3-9474-1A3956D46DE8}") = "fxcm-bridge", "fxcm-bridge", "{CCE9A352-28A8-F428-5017-F7EE28AF6DCE}"
EndProject
Project("{FAE04EC0-301F-11D3-BF4B-00C04F79EFBC}") = "FxcmBridge", "microservices\fxcm-bridge\FxcmBridge\FxcmBridge.csproj", "{3D3B027E-7A9E-AC40-F615-008944F31793}"
EndProject
Global
	GlobalSection(SolutionConfigurationPlatforms) = preSolution
		Debug|Any CPU = Debug|Any CPU
		Release|Any CPU = Release|Any CPU
	EndGlobalSection
	GlobalSection(ProjectConfigurationPlatforms) = postSolution
		{3D3B027E-7A9E-AC40-F615-008944F31793}.Debug|Any CPU.ActiveCfg = Debug|Any CPU
		{3D3B027E-7A9E-AC40-F615-008944F31793}.Debug|Any CPU.Build.0 = Debug|Any CPU
		{3D3B027E-7A9E-AC40-F615-008944F31793}.Release|Any CPU.ActiveCfg = Release|Any CPU
		{3D3B027E-7A9E-AC40-F615-008944F31793}.Release|Any CPU.Build.0 = Release|Any CPU
	EndGlobalSection
	GlobalSection(SolutionProperties) = preSolution
		HideSolutionNode = FALSE
	EndGlobalSection
	GlobalSection(NestedProjects) = preSolution
		{CCE9A352-28A8-F428-5017-F7EE28AF6DCE} = {8A367DDA-5161-A942-4F09-60E4726C9306}
		{3D3B027E-7A9E-AC40-F615-008944F31793} = {CCE9A352-28A8-F428-5017-F7EE28AF6DCE}
	EndGlobalSection
	GlobalSection(ExtensibilityGlobals) = postSolution
		SolutionGuid = {B563AF72-E2A5-4689-9A44-4BF96CA9D7C4}
	EndGlobalSection
EndGlobal
